// !$*UTF8*$!
{
	archiveVersion = 1;
	classes = {
	};
	objectVersion = 50;
	objects = {

/* Begin PBXBuildFile section */
		BC23FA1426777173001EE042 /* AppDelegate.swift in Sources */ = {isa = PBXBuildFile; fileRef = BC23FA1326777173001EE042 /* AppDelegate.swift */; };
		BC23FA1626777173001EE042 /* SceneDelegate.swift in Sources */ = {isa = PBXBuildFile; fileRef = BC23FA1526777173001EE042 /* SceneDelegate.swift */; };
		BC23FA1826777173001EE042 /* ViewController.swift in Sources */ = {isa = PBXBuildFile; fileRef = BC23FA1726777173001EE042 /* ViewController.swift */; };
		BC23FA1B26777173001EE042 /* Main.storyboard in Resources */ = {isa = PBXBuildFile; fileRef = BC23FA1926777173001EE042 /* Main.storyboard */; };
		BC23FA1D2677717A001EE042 /* Assets.xcassets in Resources */ = {isa = PBXBuildFile; fileRef = BC23FA1C2677717A001EE042 /* Assets.xcassets */; };
		BC23FA202677717A001EE042 /* LaunchScreen.storyboard in Resources */ = {isa = PBXBuildFile; fileRef = BC23FA1E2677717A001EE042 /* LaunchScreen.storyboard */; };
		BC23FA2926777867001EE042 /* TableViewCell.swift in Sources */ = {isa = PBXBuildFile; fileRef = BC23FA2826777867001EE042 /* TableViewCell.swift */; };
		BC23FA2D267781DD001EE042 /* DetailViewController.swift in Sources */ = {isa = PBXBuildFile; fileRef = BC23FA2C267781DD001EE042 /* DetailViewController.swift */; };
		BCBA0C332678CD2000399CC6 /* CoreLocation.framework in Frameworks */ = {isa = PBXBuildFile; fileRef = BCBA0C322678CD2000399CC6 /* CoreLocation.framework */; };
/* End PBXBuildFile section */

/* Begin PBXFileReference section */
		BC23FA1026777173001EE042 /* n-eczane.app */ = {isa = PBXFileReference; explicitFileType = wrapper.application; includeInIndex = 0; path = "n-eczane.app"; sourceTree = BUILT_PRODUCTS_DIR; };
		BC23FA1326777173001EE042 /* AppDelegate.swift */ = {isa = PBXFileReference; lastKnownFileType = sourcecode.swift; path = AppDelegate.swift; sourceTree = "<group>"; };
		BC23FA1526777173001EE042 /* SceneDelegate.swift */ = {isa = PBXFileReference; lastKnownFileType = sourcecode.swift; path = SceneDelegate.swift; sourceTree = "<group>"; };
		BC23FA1726777173001EE042 /* ViewController.swift */ = {isa = PBXFileReference; lastKnownFileType = sourcecode.swift; path = ViewController.swift; sourceTree = "<group>"; };
		BC23FA1A26777173001EE042 /* Base */ = {isa = PBXFileReference; lastKnownFileType = file.storyboard; name = Base; path = Base.lproj/Main.storyboard; sourceTree = "<group>"; };
		BC23FA1C2677717A001EE042 /* Assets.xcassets */ = {isa = PBXFileReference; lastKnownFileType = folder.assetcatalog; path = Assets.xcassets; sourceTree = "<group>"; };
		BC23FA1F2677717A001EE042 /* Base */ = {isa = PBXFileReference; lastKnownFileType = file.storyboard; name = Base; path = Base.lproj/LaunchScreen.storyboard; sourceTree = "<group>"; };
		BC23FA212677717A001EE042 /* Info.plist */ = {isa = PBXFileReference; lastKnownFileType = text.plist.xml; path = Info.plist; sourceTree = "<group>"; };
		BC23FA2826777867001EE042 /* TableViewCell.swift */ = {isa = PBXFileReference; lastKnownFileType = sourcecode.swift; path = TableViewCell.swift; sourceTree = "<group>"; };
		BC23FA2C267781DD001EE042 /* DetailViewController.swift */ = {isa = PBXFileReference; lastKnownFileType = sourcecode.swift; path = DetailViewController.swift; sourceTree = "<group>"; };
		BCBA0C322678CD2000399CC6 /* CoreLocation.framework */ = {isa = PBXFileReference; lastKnownFileType = wrapper.framework; name = CoreLocation.framework; path = System/Library/Frameworks/CoreLocation.framework; sourceTree = SDKROOT; };
/* End PBXFileReference section */

/* Begin PBXFrameworksBuildPhase section */
		BC23FA0D26777173001EE042 /* Frameworks */ = {
			isa = PBXFrameworksBuildPhase;
			buildActionMask = 2147483647;
			files = (
				BCBA0C332678CD2000399CC6 /* CoreLocation.framework in Frameworks */,
			);
			runOnlyForDeploymentPostprocessing = 0;
		};
/* End PBXFrameworksBuildPhase section */

/* Begin PBXGroup section */
		BC23FA0726777173001EE042 = {
			isa = PBXGroup;
			children = (
				BC23FA1226777173001EE042 /* n-eczane */,
				BC23FA1126777173001EE042 /* Products */,
				BCBA0C312678CD2000399CC6 /* Frameworks */,
			);
			sourceTree = "<group>";
		};
		BC23FA1126777173001EE042 /* Products */ = {
			isa = PBXGroup;
			children = (
				BC23FA1026777173001EE042 /* n-eczane.app */,
			);
			name = Products;
			sourceTree = "<group>";
		};
		BC23FA1226777173001EE042 /* n-eczane */ = {
			isa = PBXGroup;
			children = (
				BC23FA1326777173001EE042 /* AppDelegate.swift */,
				BC23FA1526777173001EE042 /* SceneDelegate.swift */,
				BC23FA2826777867001EE042 /* TableViewCell.swift */,
				BC23FA2C267781DD001EE042 /* DetailViewController.swift */,
				BC23FA1726777173001EE042 /* ViewController.swift */,
				BC23FA1926777173001EE042 /* Main.storyboard */,
				BC23FA1C2677717A001EE042 /* Assets.xcassets */,
				BC23FA1E2677717A001EE042 /* LaunchScreen.storyboard */,
				BC23FA212677717A001EE042 /* Info.plist */,
			);
			path = "n-eczane";
			sourceTree = "<group>";
		};
		BCBA0C312678CD2000399CC6 /* Frameworks */ = {
			isa = PBXGroup;
			children = (
				BCBA0C322678CD2000399CC6 /* CoreLocation.framework */,
			);
			name = Frameworks;
			sourceTree = "<group>";
		};
/* End PBXGroup section */

/* Begin PBXNativeTarget section */
		BC23FA0F26777173001EE042 /* n-eczane */ = {
			isa = PBXNativeTarget;
			buildConfigurationList = BC23FA242677717A001EE042 /* Build configuration list for PBXNativeTarget "n-eczane" */;
			buildPhases = (
				BC23FA0C26777173001EE042 /* Sources */,
				BC23FA0D26777173001EE042 /* Frameworks */,
				BC23FA0E26777173001EE042 /* Resources */,
			);
			buildRules = (
			);
			dependencies = (
			);
			name = "n-eczane";
			productName = "n-eczane";
			productReference = BC23FA1026777173001EE042 /* n-eczane.app */;
			productType = "com.apple.product-type.application";
		};
/* End PBXNativeTarget section */

/* Begin PBXProject section */
		BC23FA0826777173001EE042 /* Project object */ = {
			isa = PBXProject;
			attributes = {
				LastSwiftUpdateCheck = 1240;
				LastUpgradeCheck = 1240;
				TargetAttributes = {
					BC23FA0F26777173001EE042 = {
						CreatedOnToolsVersion = 12.4;
					};
				};
			};
			buildConfigurationList = BC23FA0B26777173001EE042 /* Build configuration list for PBXProject "n-eczane" */;
			compatibilityVersion = "Xcode 9.3";
			developmentRegion = en;
			hasScannedForEncodings = 0;
			knownRegions = (
				en,
				Base,
			);
			mainGroup = BC23FA0726777173001EE042;
			productRefGroup = BC23FA1126777173001EE042 /* Products */;
			projectDirPath = "";
			projectRoot = "";
			targets = (
				BC23FA0F26777173001EE042 /* n-eczane */,
			);
		};
/* End PBXProject section */

/* Begin PBXResourcesBuildPhase section */
		BC23FA0E26777173001EE042 /* Resources */ = {
			isa = PBXResourcesBuildPhase;
			buildActionMask = 2147483647;
			files = (
				BC23FA202677717A001EE042 /* LaunchScreen.storyboard in Resources */,
				BC23FA1D2677717A001EE042 /* Assets.xcassets in Resources */,
				BC23FA1B26777173001EE042 /* Main.storyboard in Resources */,
			);
			runOnlyForDeploymentPostprocessing = 0;
		};
/* End PBXResourcesBuildPhase section */

/* Begin PBXSourcesBuildPhase section */
		BC23FA0C26777173001EE042 /* Sources */ = {
			isa = PBXSourcesBuildPhase;
			buildActionMask = 2147483647;
			files = (
				BC23FA1826777173001EE042 /* ViewController.swift in Sources */,
				BC23FA2926777867001EE042 /* TableViewCell.swift in Sources */,
				BC23FA2D267781DD001EE042 /* DetailViewController.swift in Sources */,
				BC23FA1426777173001EE042 /* AppDelegate.swift in Sources */,
				BC23FA1626777173001EE042 /* SceneDelegate.swift in Sources */,
			);
			runOnlyForDeploymentPostprocessing = 0;
		};
/* End PBXSourcesBuildPhase section */

/* Begin PBXVariantGroup section */
		BC23FA1926777173001EE042 /* Main.storyboard */ = {
			isa = PBXVariantGroup;
			children = (
				BC23FA1A26777173001EE042 /* Base */,
			);
			name = Main.storyboard;
			sourceTree = "<group>";
		};
		BC23FA1E2677717A001EE042 /* LaunchScreen.storyboard */ = {
			isa = PBXVariantGroup;
			children = (
				BC23FA1F2677717A001EE042 /* Base */,
			);
			name = LaunchScreen.storyboard;
			sourceTree = "<group>";
		};
/* End PBXVariantGroup section */

/* Begin XCBuildConfiguration section */
		BC23FA222677717A001EE042 /* Debug */ = {
			isa = XCBuildConfiguration;
			buildSettings = {
				ALWAYS_SEARCH_USER_PATHS = NO;
				CLANG_ANALYZER_NONNULL = YES;
				CLANG_ANALYZER_NUMBER_OBJECT_CONVERSION = YES_AGGRESSIVE;
				CLANG_CXX_LANGUAGE_STANDARD = "gnu++14";
				CLANG_CXX_LIBRARY = "libc++";
				CLANG_ENABLE_MODULES = YES;
				CLANG_ENABLE_OBJC_ARC = YES;
				CLANG_ENABLE_OBJC_WEAK = YES;
				CLANG_WARN_BLOCK_CAPTURE_AUTORELEASING = YES;
				CLANG_WARN_BOOL_CONVERSION = YES;
				CLANG_WARN_COMMA = YES;
				CLANG_WARN_CONSTANT_CONVERSION = YES;
				CLANG_WARN_DEPRECATED_OBJC_IMPLEMENTATIONS = YES;
				CLANG_WARN_DIRECT_OBJC_ISA_USAGE = YES_ERROR;
				CLANG_WARN_DOCUMENTATION_COMMENTS = YES;
				CLANG_WARN_EMPTY_BODY = YES;
				CLANG_WARN_ENUM_CONVERSION = YES;
				CLANG_WARN_INFINITE_RECURSION = YES;
				CLANG_WARN_INT_CONVERSION = YES;
				CLANG_WARN_NON_LITERAL_NULL_CONVERSION = YES;
				CLANG_WARN_OBJC_IMPLICIT_RETAIN_SELF = YES;
				CLANG_WARN_OBJC_LITERAL_CONVERSION = YES;
				CLANG_WARN_OBJC_ROOT_CLASS = YES_ERROR;
				CLANG_WARN_QUOTED_INCLUDE_IN_FRAMEWORK_HEADER = YES;
				CLANG_WARN_RANGE_LOOP_ANALYSIS = YES;
				CLANG_WARN_STRICT_PROTOTYPES = YES;
				CLANG_WARN_SUSPICIOUS_MOVE = YES;
				CLANG_WARN_UNGUARDED_AVAILABILITY = YES_AGGRESSIVE;
				CLANG_WARN_UNREACHABLE_CODE = YES;
				CLANG_WARN__DUPLICATE_METHOD_MATCH = YES;
				COPY_PHASE_STRIP = NO;
				DEBUG_INFORMATION_FORMAT = dwarf;
				ENABLE_STRICT_OBJC_MSGSEND = YES;
				ENABLE_TESTABILITY = YES;
				GCC_C_LANGUAGE_STANDARD = gnu11;
				GCC_DYNAMIC_NO_PIC = NO;
				GCC_NO_COMMON_BLOCKS = YES;
				GCC_OPTIMIZATION_LEVEL = 0;
				GCC_PREPROCESSOR_DEFINITIONS = (
					"DEBUG=1",
					"$(inherited)",
				);
				GCC_WARN_64_TO_32_BIT_CONVERSION = YES;
				GCC_WARN_ABOUT_RETURN_TYPE = YES_ERROR;
				GCC_WARN_UNDECLARED_SELECTOR = YES;
				GCC_WARN_UNINITIALIZED_AUTOS = YES_AGGRESSIVE;
				GCC_WARN_UNUSED_FUNCTION = YES;
				GCC_WARN_UNUSED_VARIABLE = YES;
				IPHONEOS_DEPLOYMENT_TARGET = 14.4;
				MTL_ENABLE_DEBUG_INFO = INCLUDE_SOURCE;
				MTL_FAST_MATH = YES;
				ONLY_ACTIVE_ARCH = YES;
				SDKROOT = iphoneos;
				SWIFT_ACTIVE_COMPILATION_CONDITIONS = DEBUG;
				SWIFT_OPTIMIZATION_LEVEL = "-Onone";
			};
			name = Debug;
		};
		BC23FA232677717A001EE042 /* Release */ = {
			isa = XCBuildConfiguration;
			buildSettings = {
				ALWAYS_SEARCH_USER_PATHS = NO;
				CLANG_ANALYZER_NONNULL = YES;
				CLANG_ANALYZER_NUMBER_OBJECT_CONVERSION = YES_AGGRESSIVE;
				CLANG_CXX_LANGUAGE_STANDARD = "gnu++14";
				CLANG_CXX_LIBRARY = "libc++";
				CLANG_ENABLE_MODULES = YES;
				CLANG_ENABLE_OBJC_ARC = YES;
				CLANG_ENABLE_OBJC_WEAK = YES;
				CLANG_WARN_BLOCK_CAPTURE_AUTORELEASING = YES;
				CLANG_WARN_BOOL_CONVERSION = YES;
				CLANG_WARN_COMMA = YES;
				CLANG_WARN_CONSTANT_CONVERSION = YES;
				CLANG_WARN_DEPRECATED_OBJC_IMPLEMENTATIONS = YES;
				CLANG_WARN_DIRECT_OBJC_ISA_USAGE = YES_ERROR;
				CLANG_WARN_DOCUMENTATION_COMMENTS = YES;
				CLANG_WARN_EMPTY_BODY = YES;
				CLANG_WARN_ENUM_CONVERSION = YES;
				CLANG_WARN_INFINITE_RECURSION = YES;
				CLANG_WARN_INT_CONVERSION = YES;
				CLANG_WARN_NON_LITERAL_NULL_CONVERSION = YES;
				CLANG_WARN_OBJC_IMPLICIT_RETAIN_SELF = YES;
				CLANG_WARN_OBJC_LITERAL_CONVERSION = YES;
				CLANG_WARN_OBJC_ROOT_CLASS = YES_ERROR;
				CLANG_WARN_QUOTED_INCLUDE_IN_FRAMEWORK_HEADER = YES;
				CLANG_WARN_RANGE_LOOP_ANALYSIS = YES;
				CLANG_WARN_STRICT_PROTOTYPES = YES;
				CLANG_WARN_SUSPICIOUS_MOVE = YES;
				CLANG_WARN_UNGUARDED_AVAILABILITY = YES_AGGRESSIVE;
				CLANG_WARN_UNREACHABLE_CODE = YES;
				CLANG_WARN__DUPLICATE_METHOD_MATCH = YES;
				COPY_PHASE_STRIP = NO;
				DEBUG_INFORMATION_FORMAT = "dwarf-with-dsym";
				ENABLE_NS_ASSERTIONS = NO;
				ENABLE_STRICT_OBJC_MSGSEND = YES;
				GCC_C_LANGUAGE_STANDARD = gnu11;
				GCC_NO_COMMON_BLOCKS = YES;
				GCC_WARN_64_TO_32_BIT_CONVERSION = YES;
				GCC_WARN_ABOUT_RETURN_TYPE = YES_ERROR;
				GCC_WARN_UNDECLARED_SELECTOR = YES;
				GCC_WARN_UNINITIALIZED_AUTOS = YES_AGGRESSIVE;
				GCC_WARN_UNUSED_FUNCTION = YES;
				GCC_WARN_UNUSED_VARIABLE = YES;
				IPHONEOS_DEPLOYMENT_TARGET = 14.4;
				MTL_ENABLE_DEBUG_INFO = NO;
				MTL_FAST_MATH = YES;
				SDKROOT = iphoneos;
				SWIFT_COMPILATION_MODE = wholemodule;
				SWIFT_OPTIMIZATION_LEVEL = "-O";
				VALIDATE_PRODUCT = YES;
			};
			name = Release;
		};
		BC23FA252677717A001EE042 /* Debug */ = {
			isa = XCBuildConfiguration;
			buildSettings = {
				ASSETCATALOG_COMPILER_APPICON_NAME = AppIcon;
				ASSETCATALOG_COMPILER_GLOBAL_ACCENT_COLOR_NAME = AccentColor;
				CODE_SIGN_STYLE = Automatic;
				INFOPLIST_FILE = "n-eczane/Info.plist";
				LD_RUNPATH_SEARCH_PATHS = (
					"$(inherited)",
					"@executable_path/Frameworks",
				);
				PRODUCT_BUNDLE_IDENTIFIER = "com.enesbilalogullari.n-eczane";
				PRODUCT_NAME = "$(TARGET_NAME)";
				SWIFT_VERSION = 5.0;
				TARGETED_DEVICE_FAMILY = "1,2";
			};
			name = Debug;
		};
		BC23FA262677717A001EE042 /* Release */ = {
			isa = XCBuildConfiguration;
			buildSettings = {
				ASSETCATALOG_COMPILER_APPICON_NAME = AppIcon;
				ASSETCATALOG_COMPILER_GLOBAL_ACCENT_COLOR_NAME = AccentColor;
				CODE_SIGN_STYLE = Automatic;
				INFOPLIST_FILE = "n-eczane/Info.plist";
				LD_RUNPATH_SEARCH_PATHS = (
					"$(inherited)",
					"@executable_path/Frameworks",
				);
				PRODUCT_BUNDLE_IDENTIFIER = "com.enesbilalogullari.n-eczane";
				PRODUCT_NAME = "$(TARGET_NAME)";
				SWIFT_VERSION = 5.0;
				TARGETED_DEVICE_FAMILY = "1,2";
			};
			name = Release;
		};
/* End XCBuildConfiguration section */

/* Begin XCConfigurationList section */
		BC23FA0B26777173001EE042 /* Build configuration list for PBXProject "n-eczane" */ = {
			isa = XCConfigurationList;
			buildConfigurations = (
				BC23FA222677717A001EE042 /* Debug */,
				BC23FA232677717A001EE042 /* Release */,
			);
			defaultConfigurationIsVisible = 0;
			defaultConfigurationName = Release;
		};
		BC23FA242677717A001EE042 /* Build configuration list for PBXNativeTarget "n-eczane" */ = {
			isa = XCConfigurationList;
			buildConfigurations = (
				BC23FA252677717A001EE042 /* Debug */,
				BC23FA262677717A001EE042 /* Release */,
			);
			defaultConfigurationIsVisible = 0;
			defaultConfigurationName = Release;
		};
/* End XCConfigurationList section */
	};
	rootObject = BC23FA0826777173001EE042 /* Project object */;
}
